
Microsoft Visual Studio Solution File, Format Version 12.00
# Visual Studio Version 17
VisualStudioVersion = 17.4.33122.133
MinimumVisualStudioVersion = 10.0.40219.1
Project("{9A19103F-16F7-4668-BE54-9A1E7A4F7556}") = "cnua.netcore6.crslib", "cnua.netcore6.crslib\cnua.netcore6.crslib.csproj", "{B0F8960C-5505-42D4-8166-6498F271F589}"
EndProject
Project("{9A19103F-16F7-4668-BE54-9A1E7A4F7556}") = "cnua.netcore6.crslibTests", "cnua.netcore6.crslibTests\cnua.netcore6.crslibTests.csproj", "{61CBACC3-F349-4D51-B1F4-10D70347D6B3}"
EndProject
Project("{9A19103F-16F7-4668-BE54-9A1E7A4F7556}") = "ChatroomStudioForWindows", "ChatroomStudioForWindows\ChatroomStudioForWindows.csproj", "{88920709-DF92-4A85-BA19-BF508C967491}"
EndProject
Global
	GlobalSection(SolutionConfigurationPlatforms) = preSolution
		Debug|Any CPU = Debug|Any CPU
		Release|Any CPU = Release|Any CPU
	EndGlobalSection
	GlobalSection(ProjectConfigurationPlatforms) = postSolution
		{B0F8960C-5505-42D4-8166-6498F271F589}.Debug|Any CPU.ActiveCfg = Debug|Any CPU
		{B0F8960C-5505-42D4-8166-6498F271F589}.Debug|Any CPU.Build.0 = Debug|Any CPU
		{B0F8960C-5505-42D4-8166-6498F271F589}.Release|Any CPU.ActiveCfg = Release|Any CPU
		{B0F8960C-5505-42D4-8166-6498F271F589}.Release|Any CPU.Build.0 = Release|Any CPU
		{61CBACC3-F349-4D51-B1F4-10D70347D6B3}.Debug|Any CPU.ActiveCfg = Debug|Any CPU
		{61CBACC3-F349-4D51-B1F4-10D70347D6B3}.Debug|Any CPU.Build.0 = Debug|Any CPU
		{61CBACC3-F349-4D51-B1F4-10D70347D6B3}.Release|Any CPU.ActiveCfg = Release|Any CPU
		{61CBACC3-F349-4D51-B1F4-10D70347D6B3}.Release|Any CPU.Build.0 = Release|Any CPU
		{88920709-DF92-4A85-BA19-BF508C967491}.Debug|Any CPU.ActiveCfg = Debug|Any CPU
		{88920709-DF92-4A85-BA19-BF508C967491}.Debug|Any CPU.Build.0 = Debug|Any CPU
		{88920709-DF92-4A85-BA19-BF508C967491}.Release|Any CPU.ActiveCfg = Release|Any CPU
		{88920709-DF92-4A85-BA19-BF508C967491}.Release|Any CPU.Build.0 = Release|Any CPU
	EndGlobalSection
	GlobalSection(SolutionProperties) = preSolution
		HideSolutionNode = FALSE
	EndGlobalSection
	GlobalSection(ExtensibilityGlobals) = postSolution
		SolutionGuid = {B91B9D40-0B7E-4645-8AC0-4E534AC2B4E6}
	EndGlobalSection
EndGlobal
